
Microsoft Visual Studio Solution File, Format Version 12.00
# Visual Studio 15
VisualStudioVersion = 15.0.26124.0
MinimumVisualStudioVersion = 15.0.26124.0
Project("{2150E333-8FDC-42A3-9474-1A3956D46DE8}") = "src", "src", "{140842E1-1568-49DB-8C5A-9EA99D5C2975}"
EndProject
Project("{FAE04EC0-301F-11D3-BF4B-00C04F79EFBC}") = "Project.Api", "src\Project.Api\Project.Api.csproj", "{2DF2E122-97B8-46ED-88F1-27FB59E97F25}"
EndProject
Project("{FAE04EC0-301F-11D3-BF4B-00C04F79EFBC}") = "Project.Common", "src\Project.Common\Project.Common.csproj", "{96848593-9B20-4511-8B3A-1AE92FD38F98}"
EndProject
Project("{FAE04EC0-301F-11D3-BF4B-00C04F79EFBC}") = "Project.Entities", "src\Project.Entities\Project.Entities.csproj", "{D6CF040C-46BA-416C-ADA4-6E0F479FBD3F}"
EndProject
Project("{FAE04EC0-301F-11D3-BF4B-00C04F79EFBC}") = "Project.Data", "src\Project.Data\Project.Data.csproj", "{F8E70FFB-2E54-45BA-98C0-69B762045292}"
EndProject
Project("{FAE04EC0-301F-11D3-BF4B-00C04F79EFBC}") = "Project.Services", "src\Project.Services\Project.Services.csproj", "{9E1FAECA-E328-4181-860E-2DEF8915A57D}"
EndProject
Project("{FAE04EC0-301F-11D3-BF4B-00C04F79EFBC}") = "Project.Webframeworks", "src\Project.Webframeworks\Project.Webframeworks.csproj", "{1462F15C-23CB-4642-8C33-96120CB3E14E}"
EndProject
Project("{FAE04EC0-301F-11D3-BF4B-00C04F79EFBC}") = "Project.Core", "src\Project.Core\Project.Core.csproj", "{390AA5F6-C5A1-4100-BD28-B236FBEF8336}"
EndProject
Project("{2150E333-8FDC-42A3-9474-1A3956D46DE8}") = "Solution Items", "Solution Items", "{7B09B030-5891-4C9F-8DE0-D206989CA001}"
	ProjectSection(SolutionItems) = preProject
		notes\Notes.txt = notes\Notes.txt
		notes\Models.txt = notes\Models.txt
	EndProjectSection
EndProject
Global
	GlobalSection(SolutionConfigurationPlatforms) = preSolution
		Debug|Any CPU = Debug|Any CPU
		Debug|x64 = Debug|x64
		Debug|x86 = Debug|x86
		Release|Any CPU = Release|Any CPU
		Release|x64 = Release|x64
		Release|x86 = Release|x86
	EndGlobalSection
	GlobalSection(SolutionProperties) = preSolution
		HideSolutionNode = FALSE
	EndGlobalSection
	GlobalSection(ProjectConfigurationPlatforms) = postSolution
		{2DF2E122-97B8-46ED-88F1-27FB59E97F25}.Debug|Any CPU.ActiveCfg = Debug|Any CPU
		{2DF2E122-97B8-46ED-88F1-27FB59E97F25}.Debug|Any CPU.Build.0 = Debug|Any CPU
		{2DF2E122-97B8-46ED-88F1-27FB59E97F25}.Debug|x64.ActiveCfg = Debug|Any CPU
		{2DF2E122-97B8-46ED-88F1-27FB59E97F25}.Debug|x64.Build.0 = Debug|Any CPU
		{2DF2E122-97B8-46ED-88F1-27FB59E97F25}.Debug|x86.ActiveCfg = Debug|Any CPU
		{2DF2E122-97B8-46ED-88F1-27FB59E97F25}.Debug|x86.Build.0 = Debug|Any CPU
		{2DF2E122-97B8-46ED-88F1-27FB59E97F25}.Release|Any CPU.ActiveCfg = Release|Any CPU
		{2DF2E122-97B8-46ED-88F1-27FB59E97F25}.Release|Any CPU.Build.0 = Release|Any CPU
		{2DF2E122-97B8-46ED-88F1-27FB59E97F25}.Release|x64.ActiveCfg = Release|Any CPU
		{2DF2E122-97B8-46ED-88F1-27FB59E97F25}.Release|x64.Build.0 = Release|Any CPU
		{2DF2E122-97B8-46ED-88F1-27FB59E97F25}.Release|x86.ActiveCfg = Release|Any CPU
		{2DF2E122-97B8-46ED-88F1-27FB59E97F25}.Release|x86.Build.0 = Release|Any CPU
		{96848593-9B20-4511-8B3A-1AE92FD38F98}.Debug|Any CPU.ActiveCfg = Debug|Any CPU
		{96848593-9B20-4511-8B3A-1AE92FD38F98}.Debug|Any CPU.Build.0 = Debug|Any CPU
		{96848593-9B20-4511-8B3A-1AE92FD38F98}.Debug|x64.ActiveCfg = Debug|Any CPU
		{96848593-9B20-4511-8B3A-1AE92FD38F98}.Debug|x64.Build.0 = Debug|Any CPU
		{96848593-9B20-4511-8B3A-1AE92FD38F98}.Debug|x86.ActiveCfg = Debug|Any CPU
		{96848593-9B20-4511-8B3A-1AE92FD38F98}.Debug|x86.Build.0 = Debug|Any CPU
		{96848593-9B20-4511-8B3A-1AE92FD38F98}.Release|Any CPU.ActiveCfg = Release|Any CPU
		{96848593-9B20-4511-8B3A-1AE92FD38F98}.Release|Any CPU.Build.0 = Release|Any CPU
		{96848593-9B20-4511-8B3A-1AE92FD38F98}.Release|x64.ActiveCfg = Release|Any CPU
		{96848593-9B20-4511-8B3A-1AE92FD38F98}.Release|x64.Build.0 = Release|Any CPU
		{96848593-9B20-4511-8B3A-1AE92FD38F98}.Release|x86.ActiveCfg = Release|Any CPU
		{96848593-9B20-4511-8B3A-1AE92FD38F98}.Release|x86.Build.0 = Release|Any CPU
		{D6CF040C-46BA-416C-ADA4-6E0F479FBD3F}.Debug|Any CPU.ActiveCfg = Debug|Any CPU
		{D6CF040C-46BA-416C-ADA4-6E0F479FBD3F}.Debug|Any CPU.Build.0 = Debug|Any CPU
		{D6CF040C-46BA-416C-ADA4-6E0F479FBD3F}.Debug|x64.ActiveCfg = Debug|Any CPU
		{D6CF040C-46BA-416C-ADA4-6E0F479FBD3F}.Debug|x64.Build.0 = Debug|Any CPU
		{D6CF040C-46BA-416C-ADA4-6E0F479FBD3F}.Debug|x86.ActiveCfg = Debug|Any CPU
		{D6CF040C-46BA-416C-ADA4-6E0F479FBD3F}.Debug|x86.Build.0 = Debug|Any CPU
		{D6CF040C-46BA-416C-ADA4-6E0F479FBD3F}.Release|Any CPU.ActiveCfg = Release|Any CPU
		{D6CF040C-46BA-416C-ADA4-6E0F479FBD3F}.Release|Any CPU.Build.0 = Release|Any CPU
		{D6CF040C-46BA-416C-ADA4-6E0F479FBD3F}.Release|x64.ActiveCfg = Release|Any CPU
		{D6CF040C-46BA-416C-ADA4-6E0F479FBD3F}.Release|x64.Build.0 = Release|Any CPU
		{D6CF040C-46BA-416C-ADA4-6E0F479FBD3F}.Release|x86.ActiveCfg = Release|Any CPU
		{D6CF040C-46BA-416C-ADA4-6E0F479FBD3F}.Release|x86.Build.0 = Release|Any CPU
		{F8E70FFB-2E54-45BA-98C0-69B762045292}.Debug|Any CPU.ActiveCfg = Debug|Any CPU
		{F8E70FFB-2E54-45BA-98C0-69B762045292}.Debug|Any CPU.Build.0 = Debug|Any CPU
		{F8E70FFB-2E54-45BA-98C0-69B762045292}.Debug|x64.ActiveCfg = Debug|Any CPU
		{F8E70FFB-2E54-45BA-98C0-69B762045292}.Debug|x64.Build.0 = Debug|Any CPU
		{F8E70FFB-2E54-45BA-98C0-69B762045292}.Debug|x86.ActiveCfg = Debug|Any CPU
		{F8E70FFB-2E54-45BA-98C0-69B762045292}.Debug|x86.Build.0 = Debug|Any CPU
		{F8E70FFB-2E54-45BA-98C0-69B762045292}.Release|Any CPU.ActiveCfg = Release|Any CPU
		{F8E70FFB-2E54-45BA-98C0-69B762045292}.Release|Any CPU.Build.0 = Release|Any CPU
		{F8E70FFB-2E54-45BA-98C0-69B762045292}.Release|x64.ActiveCfg = Release|Any CPU
		{F8E70FFB-2E54-45BA-98C0-69B762045292}.Release|x64.Build.0 = Release|Any CPU
		{F8E70FFB-2E54-45BA-98C0-69B762045292}.Release|x86.ActiveCfg = Release|Any CPU
		{F8E70FFB-2E54-45BA-98C0-69B762045292}.Release|x86.Build.0 = Release|Any CPU
		{9E1FAECA-E328-4181-860E-2DEF8915A57D}.Debug|Any CPU.ActiveCfg = Debug|Any CPU
		{9E1FAECA-E328-4181-860E-2DEF8915A57D}.Debug|Any CPU.Build.0 = Debug|Any CPU
		{9E1FAECA-E328-4181-860E-2DEF8915A57D}.Debug|x64.ActiveCfg = Debug|Any CPU
		{9E1FAECA-E328-4181-860E-2DEF8915A57D}.Debug|x64.Build.0 = Debug|Any CPU
		{9E1FAECA-E328-4181-860E-2DEF8915A57D}.Debug|x86.ActiveCfg = Debug|Any CPU
		{9E1FAECA-E328-4181-860E-2DEF8915A57D}.Debug|x86.Build.0 = Debug|Any CPU
		{9E1FAECA-E328-4181-860E-2DEF8915A57D}.Release|Any CPU.ActiveCfg = Release|Any CPU
		{9E1FAECA-E328-4181-860E-2DEF8915A57D}.Release|Any CPU.Build.0 = Release|Any CPU
		{9E1FAECA-E328-4181-860E-2DEF8915A57D}.Release|x64.ActiveCfg = Release|Any CPU
		{9E1FAECA-E328-4181-860E-2DEF8915A57D}.Release|x64.Build.0 = Release|Any CPU
		{9E1FAECA-E328-4181-860E-2DEF8915A57D}.Release|x86.ActiveCfg = Release|Any CPU
		{9E1FAECA-E328-4181-860E-2DEF8915A57D}.Release|x86.Build.0 = Release|Any CPU
		{1462F15C-23CB-4642-8C33-96120CB3E14E}.Debug|Any CPU.ActiveCfg = Debug|Any CPU
		{1462F15C-23CB-4642-8C33-96120CB3E14E}.Debug|Any CPU.Build.0 = Debug|Any CPU
		{1462F15C-23CB-4642-8C33-96120CB3E14E}.Debug|x64.ActiveCfg = Debug|Any CPU
		{1462F15C-23CB-4642-8C33-96120CB3E14E}.Debug|x64.Build.0 = Debug|Any CPU
		{1462F15C-23CB-4642-8C33-96120CB3E14E}.Debug|x86.ActiveCfg = Debug|Any CPU
		{1462F15C-23CB-4642-8C33-96120CB3E14E}.Debug|x86.Build.0 = Debug|Any CPU
		{1462F15C-23CB-4642-8C33-96120CB3E14E}.Release|Any CPU.ActiveCfg = Release|Any CPU
		{1462F15C-23CB-4642-8C33-96120CB3E14E}.Release|Any CPU.Build.0 = Release|Any CPU
		{1462F15C-23CB-4642-8C33-96120CB3E14E}.Release|x64.ActiveCfg = Release|Any CPU
		{1462F15C-23CB-4642-8C33-96120CB3E14E}.Release|x64.Build.0 = Release|Any CPU
		{1462F15C-23CB-4642-8C33-96120CB3E14E}.Release|x86.ActiveCfg = Release|Any CPU
		{1462F15C-23CB-4642-8C33-96120CB3E14E}.Release|x86.Build.0 = Release|Any CPU
		{390AA5F6-C5A1-4100-BD28-B236FBEF8336}.Debug|Any CPU.ActiveCfg = Debug|Any CPU
		{390AA5F6-C5A1-4100-BD28-B236FBEF8336}.Debug|Any CPU.Build.0 = Debug|Any CPU
		{390AA5F6-C5A1-4100-BD28-B236FBEF8336}.Debug|x64.ActiveCfg = Debug|Any CPU
		{390AA5F6-C5A1-4100-BD28-B236FBEF8336}.Debug|x64.Build.0 = Debug|Any CPU
		{390AA5F6-C5A1-4100-BD28-B236FBEF8336}.Debug|x86.ActiveCfg = Debug|Any CPU
		{390AA5F6-C5A1-4100-BD28-B236FBEF8336}.Debug|x86.Build.0 = Debug|Any CPU
		{390AA5F6-C5A1-4100-BD28-B236FBEF8336}.Release|Any CPU.ActiveCfg = Release|Any CPU
		{390AA5F6-C5A1-4100-BD28-B236FBEF8336}.Release|Any CPU.Build.0 = Release|Any CPU
		{390AA5F6-C5A1-4100-BD28-B236FBEF8336}.Release|x64.ActiveCfg = Release|Any CPU
		{390AA5F6-C5A1-4100-BD28-B236FBEF8336}.Release|x64.Build.0 = Release|Any CPU
		{390AA5F6-C5A1-4100-BD28-B236FBEF8336}.Release|x86.ActiveCfg = Release|Any CPU
		{390AA5F6-C5A1-4100-BD28-B236FBEF8336}.Release|x86.Build.0 = Release|Any CPU
	EndGlobalSection
	GlobalSection(NestedProjects) = preSolution
		{2DF2E122-97B8-46ED-88F1-27FB59E97F25} = {140842E1-1568-49DB-8C5A-9EA99D5C2975}
		{96848593-9B20-4511-8B3A-1AE92FD38F98} = {140842E1-1568-49DB-8C5A-9EA99D5C2975}
		{D6CF040C-46BA-416C-ADA4-6E0F479FBD3F} = {140842E1-1568-49DB-8C5A-9EA99D5C2975}
		{F8E70FFB-2E54-45BA-98C0-69B762045292} = {140842E1-1568-49DB-8C5A-9EA99D5C2975}
		{9E1FAECA-E328-4181-860E-2DEF8915A57D} = {140842E1-1568-49DB-8C5A-9EA99D5C2975}
		{1462F15C-23CB-4642-8C33-96120CB3E14E} = {140842E1-1568-49DB-8C5A-9EA99D5C2975}
		{390AA5F6-C5A1-4100-BD28-B236FBEF8336} = {140842E1-1568-49DB-8C5A-9EA99D5C2975}
	EndGlobalSection
EndGlobal
